
Microsoft Visual Studio Solution File, Format Version 12.00
# Visual Studio 15
VisualStudioVersion = 15.0.26430.12
MinimumVisualStudioVersion = 10.0.40219.1
Project("{2150E333-8FDC-42A3-9474-1A3956D46DE8}") = "src", "src", "{ADC684A2-3858-41D7-BC9C-959F5B6A0801}"
EndProject
Project("{2150E333-8FDC-42A3-9474-1A3956D46DE8}") = "Solution Items", "Solution Items", "{EB06C289-7254-4E50-B93C-50E3A866BC73}"
EndProject
Project("{9A19103F-16F7-4668-BE54-9A1E7A4F7556}") = "BiblioWebApplicationCore", "src\BiblioWebApplicationCore\BiblioWebApplicationCore.csproj", "{8E97B9F2-DBFA-41B6-9CF1-4FCFF9FFAE28}"
EndProject
Project("{9A19103F-16F7-4668-BE54-9A1E7A4F7556}") = "BiblioWebServicesCore", "src\BiblioWebServicesCore\BiblioWebServicesCore.csproj", "{3E4FF4ED-DC7B-438F-A4D5-6533A1001800}"
EndProject
Global
	GlobalSection(SolutionConfigurationPlatforms) = preSolution
		Debug|Any CPU = Debug|Any CPU
		Release|Any CPU = Release|Any CPU
	EndGlobalSection
	GlobalSection(ProjectConfigurationPlatforms) = postSolution
		{8E97B9F2-DBFA-41B6-9CF1-4FCFF9FFAE28}.Debug|Any CPU.ActiveCfg = Debug|Any CPU
		{8E97B9F2-DBFA-41B6-9CF1-4FCFF9FFAE28}.Debug|Any CPU.Build.0 = Debug|Any CPU
		{8E97B9F2-DBFA-41B6-9CF1-4FCFF9FFAE28}.Release|Any CPU.ActiveCfg = Release|Any CPU
		{8E97B9F2-DBFA-41B6-9CF1-4FCFF9FFAE28}.Release|Any CPU.Build.0 = Release|Any CPU
		{3E4FF4ED-DC7B-438F-A4D5-6533A1001800}.Debug|Any CPU.ActiveCfg = Debug|Any CPU
		{3E4FF4ED-DC7B-438F-A4D5-6533A1001800}.Debug|Any CPU.Build.0 = Debug|Any CPU
		{3E4FF4ED-DC7B-438F-A4D5-6533A1001800}.Release|Any CPU.ActiveCfg = Release|Any CPU
		{3E4FF4ED-DC7B-438F-A4D5-6533A1001800}.Release|Any CPU.Build.0 = Release|Any CPU
	EndGlobalSection
	GlobalSection(SolutionProperties) = preSolution
		HideSolutionNode = FALSE
	EndGlobalSection
	GlobalSection(NestedProjects) = preSolution
		{EB06C289-7254-4E50-B93C-50E3A866BC73} = {ADC684A2-3858-41D7-BC9C-959F5B6A0801}
		{8E97B9F2-DBFA-41B6-9CF1-4FCFF9FFAE28} = {ADC684A2-3858-41D7-BC9C-959F5B6A0801}
		{3E4FF4ED-DC7B-438F-A4D5-6533A1001800} = {ADC684A2-3858-41D7-BC9C-959F5B6A0801}
	EndGlobalSection
EndGlobal
